// !$*UTF8*$!
{
	archiveVersion = 1;
	classes = {
	};
	objectVersion = 50;
	objects = {

/* Begin PBXBuildFile section */
		2A499356227B574900E550B9 /* AppDelegate.m in Sources */ = {isa = PBXBuildFile; fileRef = 2A499355227B574900E550B9 /* AppDelegate.m */; };
		2A499359227B574900E550B9 /* CLBaseTableViewController.m in Sources */ = {isa = PBXBuildFile; fileRef = 2A499358227B574900E550B9 /* CLBaseTableViewController.m */; };
		2A49935C227B574900E550B9 /* Main.storyboard in Resources */ = {isa = PBXBuildFile; fileRef = 2A49935A227B574900E550B9 /* Main.storyboard */; };
		2A49935E227B574A00E550B9 /* Assets.xcassets in Resources */ = {isa = PBXBuildFile; fileRef = 2A49935D227B574A00E550B9 /* Assets.xcassets */; };
		2A499361227B574A00E550B9 /* LaunchScreen.storyboard in Resources */ = {isa = PBXBuildFile; fileRef = 2A49935F227B574A00E550B9 /* LaunchScreen.storyboard */; };
		2A499364227B574A00E550B9 /* main.m in Sources */ = {isa = PBXBuildFile; fileRef = 2A499363227B574A00E550B9 /* main.m */; };
		2A49936C227B579800E550B9 /* UITableView+DataSource.m in Sources */ = {isa = PBXBuildFile; fileRef = 2A49936B227B579800E550B9 /* UITableView+DataSource.m */; };
		2A49936F227B631000E550B9 /* CLTableViewBaseCell.m in Sources */ = {isa = PBXBuildFile; fileRef = 2A49936E227B631000E550B9 /* CLTableViewBaseCell.m */; };
		2A499372227B634200E550B9 /* CLTableViewViewLayout.m in Sources */ = {isa = PBXBuildFile; fileRef = 2A499371227B634200E550B9 /* CLTableViewViewLayout.m */; };
		2A499375227B638800E550B9 /* CLTableViewSectionLayout.m in Sources */ = {isa = PBXBuildFile; fileRef = 2A499374227B638800E550B9 /* CLTableViewSectionLayout.m */; };
		2A499378227B63F600E550B9 /* CLTableViewBaseSectionHeaderFooterView.m in Sources */ = {isa = PBXBuildFile; fileRef = 2A499377227B63F600E550B9 /* CLTableViewBaseSectionHeaderFooterView.m */; };
		2A49937B227B688300E550B9 /* FFTableViewController.m in Sources */ = {isa = PBXBuildFile; fileRef = 2A49937A227B688300E550B9 /* FFTableViewController.m */; };
/* End PBXBuildFile section */

/* Begin PBXFileReference section */
		2A499351227B574900E550B9 /* SimpleTable.app */ = {isa = PBXFileReference; explicitFileType = wrapper.application; includeInIndex = 0; path = SimpleTable.app; sourceTree = BUILT_PRODUCTS_DIR; };
		2A499354227B574900E550B9 /* AppDelegate.h */ = {isa = PBXFileReference; lastKnownFileType = sourcecode.c.h; path = AppDelegate.h; sourceTree = "<group>"; };
		2A499355227B574900E550B9 /* AppDelegate.m */ = {isa = PBXFileReference; lastKnownFileType = sourcecode.c.objc; path = AppDelegate.m; sourceTree = "<group>"; };
		2A499357227B574900E550B9 /* CLBaseTableViewController.h */ = {isa = PBXFileReference; lastKnownFileType = sourcecode.c.h; path = CLBaseTableViewController.h; sourceTree = "<group>"; };
		2A499358227B574900E550B9 /* CLBaseTableViewController.m */ = {isa = PBXFileReference; lastKnownFileType = sourcecode.c.objc; path = CLBaseTableViewController.m; sourceTree = "<group>"; };
		2A49935B227B574900E550B9 /* Base */ = {isa = PBXFileReference; lastKnownFileType = file.storyboard; name = Base; path = Base.lproj/Main.storyboard; sourceTree = "<group>"; };
		2A49935D227B574A00E550B9 /* Assets.xcassets */ = {isa = PBXFileReference; lastKnownFileType = folder.assetcatalog; path = Assets.xcassets; sourceTree = "<group>"; };
		2A499360227B574A00E550B9 /* Base */ = {isa = PBXFileReference; lastKnownFileType = file.storyboard; name = Base; path = Base.lproj/LaunchScreen.storyboard; sourceTree = "<group>"; };
		2A499362227B574A00E550B9 /* Info.plist */ = {isa = PBXFileReference; lastKnownFileType = text.plist.xml; path = Info.plist; sourceTree = "<group>"; };
		2A499363227B574A00E550B9 /* main.m */ = {isa = PBXFileReference; lastKnownFileType = sourcecode.c.objc; path = main.m; sourceTree = "<group>"; };
		2A49936A227B579800E550B9 /* UITableView+DataSource.h */ = {isa = PBXFileReference; lastKnownFileType = sourcecode.c.h; path = "UITableView+DataSource.h"; sourceTree = "<group>"; };
		2A49936B227B579800E550B9 /* UITableView+DataSource.m */ = {isa = PBXFileReference; lastKnownFileType = sourcecode.c.objc; path = "UITableView+DataSource.m"; sourceTree = "<group>"; };
		2A49936D227B631000E550B9 /* CLTableViewBaseCell.h */ = {isa = PBXFileReference; lastKnownFileType = sourcecode.c.h; path = CLTableViewBaseCell.h; sourceTree = "<group>"; };
		2A49936E227B631000E550B9 /* CLTableViewBaseCell.m */ = {isa = PBXFileReference; lastKnownFileType = sourcecode.c.objc; path = CLTableViewBaseCell.m; sourceTree = "<group>"; };
		2A499370227B634200E550B9 /* CLTableViewViewLayout.h */ = {isa = PBXFileReference; lastKnownFileType = sourcecode.c.h; path = CLTableViewViewLayout.h; sourceTree = "<group>"; };
		2A499371227B634200E550B9 /* CLTableViewViewLayout.m */ = {isa = PBXFileReference; lastKnownFileType = sourcecode.c.objc; path = CLTableViewViewLayout.m; sourceTree = "<group>"; };
		2A499373227B638800E550B9 /* CLTableViewSectionLayout.h */ = {isa = PBXFileReference; lastKnownFileType = sourcecode.c.h; path = CLTableViewSectionLayout.h; sourceTree = "<group>"; };
		2A499374227B638800E550B9 /* CLTableViewSectionLayout.m */ = {isa = PBXFileReference; lastKnownFileType = sourcecode.c.objc; path = CLTableViewSectionLayout.m; sourceTree = "<group>"; };
		2A499376227B63F600E550B9 /* CLTableViewBaseSectionHeaderFooterView.h */ = {isa = PBXFileReference; lastKnownFileType = sourcecode.c.h; path = CLTableViewBaseSectionHeaderFooterView.h; sourceTree = "<group>"; };
		2A499377227B63F600E550B9 /* CLTableViewBaseSectionHeaderFooterView.m */ = {isa = PBXFileReference; lastKnownFileType = sourcecode.c.objc; path = CLTableViewBaseSectionHeaderFooterView.m; sourceTree = "<group>"; };
		2A499379227B688300E550B9 /* FFTableViewController.h */ = {isa = PBXFileReference; lastKnownFileType = sourcecode.c.h; path = FFTableViewController.h; sourceTree = "<group>"; };
		2A49937A227B688300E550B9 /* FFTableViewController.m */ = {isa = PBXFileReference; lastKnownFileType = sourcecode.c.objc; path = FFTableViewController.m; sourceTree = "<group>"; };
/* End PBXFileReference section */

/* Begin PBXFrameworksBuildPhase section */
		2A49934E227B574900E550B9 /* Frameworks */ = {
			isa = PBXFrameworksBuildPhase;
			buildActionMask = 2147483647;
			files = (
			);
			runOnlyForDeploymentPostprocessing = 0;
		};
/* End PBXFrameworksBuildPhase section */

/* Begin PBXGroup section */
		2A499348227B574900E550B9 = {
			isa = PBXGroup;
			children = (
				2A499353227B574900E550B9 /* SimpleTable */,
				2A499352227B574900E550B9 /* Products */,
			);
			sourceTree = "<group>";
		};
		2A499352227B574900E550B9 /* Products */ = {
			isa = PBXGroup;
			children = (
				2A499351227B574900E550B9 /* SimpleTable.app */,
			);
			name = Products;
			sourceTree = "<group>";
		};
		2A499353227B574900E550B9 /* SimpleTable */ = {
			isa = PBXGroup;
			children = (
				2A499354227B574900E550B9 /* AppDelegate.h */,
				2A499355227B574900E550B9 /* AppDelegate.m */,
				2A499357227B574900E550B9 /* CLBaseTableViewController.h */,
				2A499358227B574900E550B9 /* CLBaseTableViewController.m */,
				2A49936A227B579800E550B9 /* UITableView+DataSource.h */,
				2A49936B227B579800E550B9 /* UITableView+DataSource.m */,
				2A49935A227B574900E550B9 /* Main.storyboard */,
				2A49935D227B574A00E550B9 /* Assets.xcassets */,
				2A49935F227B574A00E550B9 /* LaunchScreen.storyboard */,
				2A499362227B574A00E550B9 /* Info.plist */,
				2A499363227B574A00E550B9 /* main.m */,
				2A49936D227B631000E550B9 /* CLTableViewBaseCell.h */,
				2A49936E227B631000E550B9 /* CLTableViewBaseCell.m */,
				2A499370227B634200E550B9 /* CLTableViewViewLayout.h */,
				2A499371227B634200E550B9 /* CLTableViewViewLayout.m */,
				2A499373227B638800E550B9 /* CLTableViewSectionLayout.h */,
				2A499374227B638800E550B9 /* CLTableViewSectionLayout.m */,
				2A499376227B63F600E550B9 /* CLTableViewBaseSectionHeaderFooterView.h */,
				2A499377227B63F600E550B9 /* CLTableViewBaseSectionHeaderFooterView.m */,
				2A499379227B688300E550B9 /* FFTableViewController.h */,
				2A49937A227B688300E550B9 /* FFTableViewController.m */,
			);
			path = SimpleTable;
			sourceTree = "<group>";
		};
/* End PBXGroup section */

/* Begin PBXNativeTarget section */
		2A499350227B574900E550B9 /* SimpleTable */ = {
			isa = PBXNativeTarget;
			buildConfigurationList = 2A499367227B574A00E550B9 /* Build configuration list for PBXNativeTarget "SimpleTable" */;
			buildPhases = (
				2A49934D227B574900E550B9 /* Sources */,
				2A49934E227B574900E550B9 /* Frameworks */,
				2A49934F227B574900E550B9 /* Resources */,
			);
			buildRules = (
			);
			dependencies = (
			);
			name = SimpleTable;
			productName = SimpleTable;
			productReference = 2A499351227B574900E550B9 /* SimpleTable.app */;
			productType = "com.apple.product-type.application";
		};
/* End PBXNativeTarget section */

/* Begin PBXProject section */
		2A499349227B574900E550B9 /* Project object */ = {
			isa = PBXProject;
			attributes = {
				LastUpgradeCheck = 1010;
				ORGANIZATIONNAME = "张宏伟";
				TargetAttributes = {
					2A499350227B574900E550B9 = {
						CreatedOnToolsVersion = 10.1;
					};
				};
			};
			buildConfigurationList = 2A49934C227B574900E550B9 /* Build configuration list for PBXProject "SimpleTable" */;
			compatibilityVersion = "Xcode 9.3";
			developmentRegion = en;
			hasScannedForEncodings = 0;
			knownRegions = (
				en,
				Base,
			);
			mainGroup = 2A499348227B574900E550B9;
			productRefGroup = 2A499352227B574900E550B9 /* Products */;
			projectDirPath = "";
			projectRoot = "";
			targets = (
				2A499350227B574900E550B9 /* SimpleTable */,
			);
		};
/* End PBXProject section */

/* Begin PBXResourcesBuildPhase section */
		2A49934F227B574900E550B9 /* Resources */ = {
			isa = PBXResourcesBuildPhase;
			buildActionMask = 2147483647;
			files = (
				2A499361227B574A00E550B9 /* LaunchScreen.storyboard in Resources */,
				2A49935E227B574A00E550B9 /* Assets.xcassets in Resources */,
				2A49935C227B574900E550B9 /* Main.storyboard in Resources */,
			);
			runOnlyForDeploymentPostprocessing = 0;
		};
/* End PBXResourcesBuildPhase section */

/* Begin PBXSourcesBuildPhase section */
		2A49934D227B574900E550B9 /* Sources */ = {
			isa = PBXSourcesBuildPhase;
			buildActionMask = 2147483647;
			files = (
				2A499359227B574900E550B9 /* CLBaseTableViewController.m in Sources */,
				2A499364227B574A00E550B9 /* main.m in Sources */,
				2A499372227B634200E550B9 /* CLTableViewViewLayout.m in Sources */,
				2A49937B227B688300E550B9 /* FFTableViewController.m in Sources */,
				2A49936C227B579800E550B9 /* UITableView+DataSource.m in Sources */,
				2A499378227B63F600E550B9 /* CLTableViewBaseSectionHeaderFooterView.m in Sources */,
				2A499375227B638800E550B9 /* CLTableViewSectionLayout.m in Sources */,
				2A49936F227B631000E550B9 /* CLTableViewBaseCell.m in Sources */,
				2A499356227B574900E550B9 /* AppDelegate.m in Sources */,
			);
			runOnlyForDeploymentPostprocessing = 0;
		};
/* End PBXSourcesBuildPhase section */

/* Begin PBXVariantGroup section */
		2A49935A227B574900E550B9 /* Main.storyboard */ = {
			isa = PBXVariantGroup;
			children = (
				2A49935B227B574900E550B9 /* Base */,
			);
			name = Main.storyboard;
			sourceTree = "<group>";
		};
		2A49935F227B574A00E550B9 /* LaunchScreen.storyboard */ = {
			isa = PBXVariantGroup;
			children = (
				2A499360227B574A00E550B9 /* Base */,
			);
			name = LaunchScreen.storyboard;
			sourceTree = "<group>";
		};
/* End PBXVariantGroup section */

/* Begin XCBuildConfiguration section */
		2A499365227B574A00E550B9 /* Debug */ = {
			isa = XCBuildConfiguration;
			buildSettings = {
				ALWAYS_SEARCH_USER_PATHS = NO;
				CLANG_ANALYZER_NONNULL = YES;
				CLANG_ANALYZER_NUMBER_OBJECT_CONVERSION = YES_AGGRESSIVE;
				CLANG_CXX_LANGUAGE_STANDARD = "gnu++14";
				CLANG_CXX_LIBRARY = "libc++";
				CLANG_ENABLE_MODULES = YES;
				CLANG_ENABLE_OBJC_ARC = YES;
				CLANG_ENABLE_OBJC_WEAK = YES;
				CLANG_WARN_BLOCK_CAPTURE_AUTORELEASING = YES;
				CLANG_WARN_BOOL_CONVERSION = YES;
				CLANG_WARN_COMMA = YES;
				CLANG_WARN_CONSTANT_CONVERSION = YES;
				CLANG_WARN_DEPRECATED_OBJC_IMPLEMENTATIONS = YES;
				CLANG_WARN_DIRECT_OBJC_ISA_USAGE = YES_ERROR;
				CLANG_WARN_DOCUMENTATION_COMMENTS = YES;
				CLANG_WARN_EMPTY_BODY = YES;
				CLANG_WARN_ENUM_CONVERSION = YES;
				CLANG_WARN_INFINITE_RECURSION = YES;
				CLANG_WARN_INT_CONVERSION = YES;
				CLANG_WARN_NON_LITERAL_NULL_CONVERSION = YES;
				CLANG_WARN_OBJC_IMPLICIT_RETAIN_SELF = YES;
				CLANG_WARN_OBJC_LITERAL_CONVERSION = YES;
				CLANG_WARN_OBJC_ROOT_CLASS = YES_ERROR;
				CLANG_WARN_RANGE_LOOP_ANALYSIS = YES;
				CLANG_WARN_STRICT_PROTOTYPES = YES;
				CLANG_WARN_SUSPICIOUS_MOVE = YES;
				CLANG_WARN_UNGUARDED_AVAILABILITY = YES_AGGRESSIVE;
				CLANG_WARN_UNREACHABLE_CODE = YES;
				CLANG_WARN__DUPLICATE_METHOD_MATCH = YES;
				CODE_SIGN_IDENTITY = "iPhone Developer";
				COPY_PHASE_STRIP = NO;
				DEBUG_INFORMATION_FORMAT = dwarf;
				ENABLE_STRICT_OBJC_MSGSEND = YES;
				ENABLE_TESTABILITY = YES;
				GCC_C_LANGUAGE_STANDARD = gnu11;
				GCC_DYNAMIC_NO_PIC = NO;
				GCC_NO_COMMON_BLOCKS = YES;
				GCC_OPTIMIZATION_LEVEL = 0;
				GCC_PREPROCESSOR_DEFINITIONS = (
					"DEBUG=1",
					"$(inherited)",
				);
				GCC_WARN_64_TO_32_BIT_CONVERSION = YES;
				GCC_WARN_ABOUT_RETURN_TYPE = YES_ERROR;
				GCC_WARN_UNDECLARED_SELECTOR = YES;
				GCC_WARN_UNINITIALIZED_AUTOS = YES_AGGRESSIVE;
				GCC_WARN_UNUSED_FUNCTION = YES;
				GCC_WARN_UNUSED_VARIABLE = YES;
				IPHONEOS_DEPLOYMENT_TARGET = 12.1;
				MTL_ENABLE_DEBUG_INFO = INCLUDE_SOURCE;
				MTL_FAST_MATH = YES;
				ONLY_ACTIVE_ARCH = YES;
				SDKROOT = iphoneos;
			};
			name = Debug;
		};
		2A499366227B574A00E550B9 /* Release */ = {
			isa = XCBuildConfiguration;
			buildSettings = {
				ALWAYS_SEARCH_USER_PATHS = NO;
				CLANG_ANALYZER_NONNULL = YES;
				CLANG_ANALYZER_NUMBER_OBJECT_CONVERSION = YES_AGGRESSIVE;
				CLANG_CXX_LANGUAGE_STANDARD = "gnu++14";
				CLANG_CXX_LIBRARY = "libc++";
				CLANG_ENABLE_MODULES = YES;
				CLANG_ENABLE_OBJC_ARC = YES;
				CLANG_ENABLE_OBJC_WEAK = YES;
				CLANG_WARN_BLOCK_CAPTURE_AUTORELEASING = YES;
				CLANG_WARN_BOOL_CONVERSION = YES;
				CLANG_WARN_COMMA = YES;
				CLANG_WARN_CONSTANT_CONVERSION = YES;
				CLANG_WARN_DEPRECATED_OBJC_IMPLEMENTATIONS = YES;
				CLANG_WARN_DIRECT_OBJC_ISA_USAGE = YES_ERROR;
				CLANG_WARN_DOCUMENTATION_COMMENTS = YES;
				CLANG_WARN_EMPTY_BODY = YES;
				CLANG_WARN_ENUM_CONVERSION = YES;
				CLANG_WARN_INFINITE_RECURSION = YES;
				CLANG_WARN_INT_CONVERSION = YES;
				CLANG_WARN_NON_LITERAL_NULL_CONVERSION = YES;
				CLANG_WARN_OBJC_IMPLICIT_RETAIN_SELF = YES;
				CLANG_WARN_OBJC_LITERAL_CONVERSION = YES;
				CLANG_WARN_OBJC_ROOT_CLASS = YES_ERROR;
				CLANG_WARN_RANGE_LOOP_ANALYSIS = YES;
				CLANG_WARN_STRICT_PROTOTYPES = YES;
				CLANG_WARN_SUSPICIOUS_MOVE = YES;
				CLANG_WARN_UNGUARDED_AVAILABILITY = YES_AGGRESSIVE;
				CLANG_WARN_UNREACHABLE_CODE = YES;
				CLANG_WARN__DUPLICATE_METHOD_MATCH = YES;
				CODE_SIGN_IDENTITY = "iPhone Developer";
				COPY_PHASE_STRIP = NO;
				DEBUG_INFORMATION_FORMAT = "dwarf-with-dsym";
				ENABLE_NS_ASSERTIONS = NO;
				ENABLE_STRICT_OBJC_MSGSEND = YES;
				GCC_C_LANGUAGE_STANDARD = gnu11;
				GCC_NO_COMMON_BLOCKS = YES;
				GCC_WARN_64_TO_32_BIT_CONVERSION = YES;
				GCC_WARN_ABOUT_RETURN_TYPE = YES_ERROR;
				GCC_WARN_UNDECLARED_SELECTOR = YES;
				GCC_WARN_UNINITIALIZED_AUTOS = YES_AGGRESSIVE;
				GCC_WARN_UNUSED_FUNCTION = YES;
				GCC_WARN_UNUSED_VARIABLE = YES;
				IPHONEOS_DEPLOYMENT_TARGET = 12.1;
				MTL_ENABLE_DEBUG_INFO = NO;
				MTL_FAST_MATH = YES;
				SDKROOT = iphoneos;
				VALIDATE_PRODUCT = YES;
			};
			name = Release;
		};
		2A499368227B574A00E550B9 /* Debug */ = {
			isa = XCBuildConfiguration;
			buildSettings = {
				ASSETCATALOG_COMPILER_APPICON_NAME = AppIcon;
				CODE_SIGN_STYLE = Automatic;
				DEVELOPMENT_TEAM = KJ32ZFB9PH;
				ENABLE_STRICT_OBJC_MSGSEND = NO;
				INFOPLIST_FILE = SimpleTable/Info.plist;
				IPHONEOS_DEPLOYMENT_TARGET = 11.0;
				LD_RUNPATH_SEARCH_PATHS = (
					"$(inherited)",
					"@executable_path/Frameworks",
				);
				PRODUCT_BUNDLE_IDENTIFIER = "dicyamail-gmail.com.SimpleTable";
				PRODUCT_NAME = "$(TARGET_NAME)";
				TARGETED_DEVICE_FAMILY = 1;
			};
			name = Debug;
		};
		2A499369227B574A00E550B9 /* Release */ = {
			isa = XCBuildConfiguration;
			buildSettings = {
				ASSETCATALOG_COMPILER_APPICON_NAME = AppIcon;
				CODE_SIGN_STYLE = Automatic;
				DEVELOPMENT_TEAM = KJ32ZFB9PH;
				ENABLE_STRICT_OBJC_MSGSEND = NO;
				INFOPLIST_FILE = SimpleTable/Info.plist;
				IPHONEOS_DEPLOYMENT_TARGET = 11.0;
				LD_RUNPATH_SEARCH_PATHS = (
					"$(inherited)",
					"@executable_path/Frameworks",
				);
				PRODUCT_BUNDLE_IDENTIFIER = "dicyamail-gmail.com.SimpleTable";
				PRODUCT_NAME = "$(TARGET_NAME)";
				TARGETED_DEVICE_FAMILY = 1;
			};
			name = Release;
		};
/* End XCBuildConfiguration section */

/* Begin XCConfigurationList section */
		2A49934C227B574900E550B9 /* Build configuration list for PBXProject "SimpleTable" */ = {
			isa = XCConfigurationList;
			buildConfigurations = (
				2A499365227B574A00E550B9 /* Debug */,
				2A499366227B574A00E550B9 /* Release */,
			);
			defaultConfigurationIsVisible = 0;
			defaultConfigurationName = Release;
		};
		2A499367227B574A00E550B9 /* Build configuration list for PBXNativeTarget "SimpleTable" */ = {
			isa = XCConfigurationList;
			buildConfigurations = (
				2A499368227B574A00E550B9 /* Debug */,
				2A499369227B574A00E550B9 /* Release */,
			);
			defaultConfigurationIsVisible = 0;
			defaultConfigurationName = Release;
		};
/* End XCConfigurationList section */
	};
	rootObject = 2A499349227B574900E550B9 /* Project object */;
}
